
Microsoft Visual Studio Solution File, Format Version 12.00
# Visual Studio Version 16
VisualStudioVersion = 16.0.29806.167
MinimumVisualStudioVersion = 10.0.40219.1
Project("{888888A0-9F3D-457C-B088-3A5042F75D52}") = "Uri-1016-Distancia", "Uri-1016-Distancia.pyproj", "{8C3EF918-0B11-4292-AB77-42CE67DEB866}"
EndProject
Global
	GlobalSection(SolutionConfigurationPlatforms) = preSolution
		Debug|Any CPU = Debug|Any CPU
		Release|Any CPU = Release|Any CPU
	EndGlobalSection
	GlobalSection(ProjectConfigurationPlatforms) = postSolution
		{8C3EF918-0B11-4292-AB77-42CE67DEB866}.Debug|Any CPU.ActiveCfg = Debug|Any CPU
		{8C3EF918-0B11-4292-AB77-42CE67DEB866}.Release|Any CPU.ActiveCfg = Release|Any CPU
	EndGlobalSection
	GlobalSection(SolutionProperties) = preSolution
		HideSolutionNode = FALSE
	EndGlobalSection
	GlobalSection(ExtensibilityGlobals) = postSolution
		SolutionGuid = {08BC483D-0A3C-4D07-AE68-F362B7D59FA0}
	EndGlobalSection
EndGlobal
